// !$*UTF8*$!
{
	archiveVersion = 1;
	classes = {
	};
	objectVersion = 46;
	objects = {

/* Begin PBXBuildFile section */
		D5A484C11C54D5E60095175D /* AppDelegate.swift in Sources */ = {isa = PBXBuildFile; fileRef = D5A484C01C54D5E60095175D /* AppDelegate.swift */; };
		D5A484C31C54D5E60095175D /* GameScene.sks in Resources */ = {isa = PBXBuildFile; fileRef = D5A484C21C54D5E60095175D /* GameScene.sks */; };
		D5A484C51C54D5E60095175D /* GameScene.swift in Sources */ = {isa = PBXBuildFile; fileRef = D5A484C41C54D5E60095175D /* GameScene.swift */; };
		D5A484C71C54D5E60095175D /* GameViewController.swift in Sources */ = {isa = PBXBuildFile; fileRef = D5A484C61C54D5E60095175D /* GameViewController.swift */; };
		D5A484CA1C54D5E60095175D /* Main.storyboard in Resources */ = {isa = PBXBuildFile; fileRef = D5A484C81C54D5E60095175D /* Main.storyboard */; };
		D5A484CC1C54D5E60095175D /* Assets.xcassets in Resources */ = {isa = PBXBuildFile; fileRef = D5A484CB1C54D5E60095175D /* Assets.xcassets */; };
		D5A484CF1C54D5E60095175D /* LaunchScreen.storyboard in Resources */ = {isa = PBXBuildFile; fileRef = D5A484CD1C54D5E60095175D /* LaunchScreen.storyboard */; };
/* End PBXBuildFile section */

/* Begin PBXFileReference section */
		D5A484BD1C54D5E60095175D /* Gemini.app */ = {isa = PBXFileReference; explicitFileType = wrapper.application; includeInIndex = 0; path = Gemini.app; sourceTree = BUILT_PRODUCTS_DIR; };
		D5A484C01C54D5E60095175D /* AppDelegate.swift */ = {isa = PBXFileReference; lastKnownFileType = sourcecode.swift; path = AppDelegate.swift; sourceTree = "<group>"; };
		D5A484C21C54D5E60095175D /* GameScene.sks */ = {isa = PBXFileReference; lastKnownFileType = file.sks; path = GameScene.sks; sourceTree = "<group>"; };
		D5A484C41C54D5E60095175D /* GameScene.swift */ = {isa = PBXFileReference; lastKnownFileType = sourcecode.swift; path = GameScene.swift; sourceTree = "<group>"; };
		D5A484C61C54D5E60095175D /* GameViewController.swift */ = {isa = PBXFileReference; lastKnownFileType = sourcecode.swift; path = GameViewController.swift; sourceTree = "<group>"; };
		D5A484C91C54D5E60095175D /* Base */ = {isa = PBXFileReference; lastKnownFileType = file.storyboard; name = Base; path = Base.lproj/Main.storyboard; sourceTree = "<group>"; };
		D5A484CB1C54D5E60095175D /* Assets.xcassets */ = {isa = PBXFileReference; lastKnownFileType = folder.assetcatalog; path = Assets.xcassets; sourceTree = "<group>"; };
		D5A484CE1C54D5E60095175D /* Base */ = {isa = PBXFileReference; lastKnownFileType = file.storyboard; name = Base; path = Base.lproj/LaunchScreen.storyboard; sourceTree = "<group>"; };
		D5A484D01C54D5E60095175D /* Info.plist */ = {isa = PBXFileReference; lastKnownFileType = text.plist.xml; path = Info.plist; sourceTree = "<group>"; };
/* End PBXFileReference section */

/* Begin PBXFrameworksBuildPhase section */
		D5A484BA1C54D5E60095175D /* Frameworks */ = {
			isa = PBXFrameworksBuildPhase;
			buildActionMask = 2147483647;
			files = (
			);
			runOnlyForDeploymentPostprocessing = 0;
		};
/* End PBXFrameworksBuildPhase section */

/* Begin PBXGroup section */
		D5A484B41C54D5E60095175D = {
			isa = PBXGroup;
			children = (
				D5A484BF1C54D5E60095175D /* Gemini */,
				D5A484BE1C54D5E60095175D /* Products */,
			);
			sourceTree = "<group>";
		};
		D5A484BE1C54D5E60095175D /* Products */ = {
			isa = PBXGroup;
			children = (
				D5A484BD1C54D5E60095175D /* Gemini.app */,
			);
			name = Products;
			sourceTree = "<group>";
		};
		D5A484BF1C54D5E60095175D /* Gemini */ = {
			isa = PBXGroup;
			children = (
				D5A484C01C54D5E60095175D /* AppDelegate.swift */,
				D5A484C21C54D5E60095175D /* GameScene.sks */,
				D5A484C41C54D5E60095175D /* GameScene.swift */,
				D5A484C61C54D5E60095175D /* GameViewController.swift */,
				D5A484C81C54D5E60095175D /* Main.storyboard */,
				D5A484CB1C54D5E60095175D /* Assets.xcassets */,
				D5A484CD1C54D5E60095175D /* LaunchScreen.storyboard */,
				D5A484D01C54D5E60095175D /* Info.plist */,
			);
			path = Gemini;
			sourceTree = "<group>";
		};
/* End PBXGroup section */

/* Begin PBXNativeTarget section */
		D5A484BC1C54D5E60095175D /* Gemini */ = {
			isa = PBXNativeTarget;
			buildConfigurationList = D5A484D31C54D5E60095175D /* Build configuration list for PBXNativeTarget "Gemini" */;
			buildPhases = (
				D5A484B91C54D5E60095175D /* Sources */,
				D5A484BA1C54D5E60095175D /* Frameworks */,
				D5A484BB1C54D5E60095175D /* Resources */,
			);
			buildRules = (
			);
			dependencies = (
			);
			name = Gemini;
			productName = Gemini;
			productReference = D5A484BD1C54D5E60095175D /* Gemini.app */;
			productType = "com.apple.product-type.application";
		};
/* End PBXNativeTarget section */

/* Begin PBXProject section */
		D5A484B51C54D5E60095175D /* Project object */ = {
			isa = PBXProject;
			attributes = {
				LastSwiftUpdateCheck = 0720;
				LastUpgradeCheck = 0720;
				ORGANIZATIONNAME = jgh;
				TargetAttributes = {
					D5A484BC1C54D5E60095175D = {
						CreatedOnToolsVersion = 7.2;
						DevelopmentTeam = 2L8683256Z;
					};
				};
			};
			buildConfigurationList = D5A484B81C54D5E60095175D /* Build configuration list for PBXProject "Gemini" */;
			compatibilityVersion = "Xcode 3.2";
			developmentRegion = English;
			hasScannedForEncodings = 0;
			knownRegions = (
				en,
				Base,
			);
			mainGroup = D5A484B41C54D5E60095175D;
			productRefGroup = D5A484BE1C54D5E60095175D /* Products */;
			projectDirPath = "";
			projectRoot = "";
			targets = (
				D5A484BC1C54D5E60095175D /* Gemini */,
			);
		};
/* End PBXProject section */

/* Begin PBXResourcesBuildPhase section */
		D5A484BB1C54D5E60095175D /* Resources */ = {
			isa = PBXResourcesBuildPhase;
			buildActionMask = 2147483647;
			files = (
				D5A484C31C54D5E60095175D /* GameScene.sks in Resources */,
				D5A484CF1C54D5E60095175D /* LaunchScreen.storyboard in Resources */,
				D5A484CC1C54D5E60095175D /* Assets.xcassets in Resources */,
				D5A484CA1C54D5E60095175D /* Main.storyboard in Resources */,
			);
			runOnlyForDeploymentPostprocessing = 0;
		};
/* End PBXResourcesBuildPhase section */

/* Begin PBXSourcesBuildPhase section */
		D5A484B91C54D5E60095175D /* Sources */ = {
			isa = PBXSourcesBuildPhase;
			buildActionMask = 2147483647;
			files = (
				D5A484C51C54D5E60095175D /* GameScene.swift in Sources */,
				D5A484C71C54D5E60095175D /* GameViewController.swift in Sources */,
				D5A484C11C54D5E60095175D /* AppDelegate.swift in Sources */,
			);
			runOnlyForDeploymentPostprocessing = 0;
		};
/* End PBXSourcesBuildPhase section */

/* Begin PBXVariantGroup section */
		D5A484C81C54D5E60095175D /* Main.storyboard */ = {
			isa = PBXVariantGroup;
			children = (
				D5A484C91C54D5E60095175D /* Base */,
			);
			name = Main.storyboard;
			sourceTree = "<group>";
		};
		D5A484CD1C54D5E60095175D /* LaunchScreen.storyboard */ = {
			isa = PBXVariantGroup;
			children = (
				D5A484CE1C54D5E60095175D /* Base */,
			);
			name = LaunchScreen.storyboard;
			sourceTree = "<group>";
		};
/* End PBXVariantGroup section */

/* Begin XCBuildConfiguration section */
		D5A484D11C54D5E60095175D /* Debug */ = {
			isa = XCBuildConfiguration;
			buildSettings = {
				ALWAYS_SEARCH_USER_PATHS = NO;
				CLANG_CXX_LANGUAGE_STANDARD = "gnu++0x";
				CLANG_CXX_LIBRARY = "libc++";
				CLANG_ENABLE_MODULES = YES;
				CLANG_ENABLE_OBJC_ARC = YES;
				CLANG_WARN_BOOL_CONVERSION = YES;
				CLANG_WARN_CONSTANT_CONVERSION = YES;
				CLANG_WARN_DIRECT_OBJC_ISA_USAGE = YES_ERROR;
				CLANG_WARN_EMPTY_BODY = YES;
				CLANG_WARN_ENUM_CONVERSION = YES;
				CLANG_WARN_INT_CONVERSION = YES;
				CLANG_WARN_OBJC_ROOT_CLASS = YES_ERROR;
				CLANG_WARN_UNREACHABLE_CODE = YES;
				CLANG_WARN__DUPLICATE_METHOD_MATCH = YES;
				"CODE_SIGN_IDENTITY[sdk=iphoneos*]" = "iPhone Developer";
				COPY_PHASE_STRIP = NO;
				DEBUG_INFORMATION_FORMAT = "dwarf-with-dsym";
				ENABLE_STRICT_OBJC_MSGSEND = YES;
				ENABLE_TESTABILITY = YES;
				GCC_C_LANGUAGE_STANDARD = gnu99;
				GCC_DYNAMIC_NO_PIC = NO;
				GCC_NO_COMMON_BLOCKS = YES;
				GCC_OPTIMIZATION_LEVEL = 0;
				GCC_PREPROCESSOR_DEFINITIONS = (
					"DEBUG=1",
					"$(inherited)",
				);
				GCC_WARN_64_TO_32_BIT_CONVERSION = YES;
				GCC_WARN_ABOUT_RETURN_TYPE = YES_ERROR;
				GCC_WARN_UNDECLARED_SELECTOR = YES;
				GCC_WARN_UNINITIALIZED_AUTOS = YES_AGGRESSIVE;
				GCC_WARN_UNUSED_FUNCTION = YES;
				GCC_WARN_UNUSED_VARIABLE = YES;
				IPHONEOS_DEPLOYMENT_TARGET = 9.2;
				MTL_ENABLE_DEBUG_INFO = YES;
				ONLY_ACTIVE_ARCH = YES;
				SDKROOT = iphoneos;
				SWIFT_OPTIMIZATION_LEVEL = "-Onone";
				TARGETED_DEVICE_FAMILY = "1,2";
			};
			name = Debug;
		};
		D5A484D21C54D5E60095175D /* Release */ = {
			isa = XCBuildConfiguration;
			buildSettings = {
				ALWAYS_SEARCH_USER_PATHS = NO;
				CLANG_CXX_LANGUAGE_STANDARD = "gnu++0x";
				CLANG_CXX_LIBRARY = "libc++";
				CLANG_ENABLE_MODULES = YES;
				CLANG_ENABLE_OBJC_ARC = YES;
				CLANG_WARN_BOOL_CONVERSION = YES;
				CLANG_WARN_CONSTANT_CONVERSION = YES;
				CLANG_WARN_DIRECT_OBJC_ISA_USAGE = YES_ERROR;
				CLANG_WARN_EMPTY_BODY = YES;
				CLANG_WARN_ENUM_CONVERSION = YES;
				CLANG_WARN_INT_CONVERSION = YES;
				CLANG_WARN_OBJC_ROOT_CLASS = YES_ERROR;
				CLANG_WARN_UNREACHABLE_CODE = YES;
				CLANG_WARN__DUPLICATE_METHOD_MATCH = YES;
				"CODE_SIGN_IDENTITY[sdk=iphoneos*]" = "iPhone Developer";
				COPY_PHASE_STRIP = NO;
				DEBUG_INFORMATION_FORMAT = "dwarf-with-dsym";
				ENABLE_NS_ASSERTIONS = NO;
				ENABLE_STRICT_OBJC_MSGSEND = YES;
				GCC_C_LANGUAGE_STANDARD = gnu99;
				GCC_NO_COMMON_BLOCKS = YES;
				GCC_WARN_64_TO_32_BIT_CONVERSION = YES;
				GCC_WARN_ABOUT_RETURN_TYPE = YES_ERROR;
				GCC_WARN_UNDECLARED_SELECTOR = YES;
				GCC_WARN_UNINITIALIZED_AUTOS = YES_AGGRESSIVE;
				GCC_WARN_UNUSED_FUNCTION = YES;
				GCC_WARN_UNUSED_VARIABLE = YES;
				IPHONEOS_DEPLOYMENT_TARGET = 9.2;
				MTL_ENABLE_DEBUG_INFO = NO;
				SDKROOT = iphoneos;
				TARGETED_DEVICE_FAMILY = "1,2";
				VALIDATE_PRODUCT = YES;
			};
			name = Release;
		};
		D5A484D41C54D5E60095175D /* Debug */ = {
			isa = XCBuildConfiguration;
			buildSettings = {
				ASSETCATALOG_COMPILER_APPICON_NAME = AppIcon;
				INFOPLIST_FILE = Gemini/Info.plist;
				LD_RUNPATH_SEARCH_PATHS = "$(inherited) @executable_path/Frameworks";
				PRODUCT_BUNDLE_IDENTIFIER = com.scau.jgh.Gemini;
				PRODUCT_NAME = "$(TARGET_NAME)";
			};
			name = Debug;
		};
		D5A484D51C54D5E60095175D /* Release */ = {
			isa = XCBuildConfiguration;
			buildSettings = {
				ASSETCATALOG_COMPILER_APPICON_NAME = AppIcon;
				INFOPLIST_FILE = Gemini/Info.plist;
				LD_RUNPATH_SEARCH_PATHS = "$(inherited) @executable_path/Frameworks";
				PRODUCT_BUNDLE_IDENTIFIER = com.scau.jgh.Gemini;
				PRODUCT_NAME = "$(TARGET_NAME)";
			};
			name = Release;
		};
/* End XCBuildConfiguration section */

/* Begin XCConfigurationList section */
		D5A484B81C54D5E60095175D /* Build configuration list for PBXProject "Gemini" */ = {
			isa = XCConfigurationList;
			buildConfigurations = (
				D5A484D11C54D5E60095175D /* Debug */,
				D5A484D21C54D5E60095175D /* Release */,
			);
			defaultConfigurationIsVisible = 0;
			defaultConfigurationName = Release;
		};
		D5A484D31C54D5E60095175D /* Build configuration list for PBXNativeTarget "Gemini" */ = {
			isa = XCConfigurationList;
			buildConfigurations = (
				D5A484D41C54D5E60095175D /* Debug */,
				D5A484D51C54D5E60095175D /* Release */,
			);
			defaultConfigurationIsVisible = 0;
			defaultConfigurationName = Release;
		};
/* End XCConfigurationList section */
	};
	rootObject = D5A484B51C54D5E60095175D /* Project object */;
}
